
Microsoft Visual Studio Solution File, Format Version 12.00
# Visual Studio Version 16
VisualStudioVersion = 16.0.30011.22
MinimumVisualStudioVersion = 10.0.40219.1
Project("{FAE04EC0-301F-11D3-BF4B-00C04F79EFBC}") = "Bll", "Bll\Bll.csproj", "{2DB928E6-300C-4110-A8A1-6B153CE0389A}"
EndProject
Project("{FAE04EC0-301F-11D3-BF4B-00C04F79EFBC}") = "Dal", "Dal\Dal.csproj", "{ADB33A4B-53FB-4950-B11D-EAEC285D8DF8}"
EndProject
Project("{FAE04EC0-301F-11D3-BF4B-00C04F79EFBC}") = "Shr", "Shr\Shr.csproj", "{722B9DD4-BAF2-4308-A5AA-1A83A8D0D052}"
EndProject
Project("{FAE04EC0-301F-11D3-BF4B-00C04F79EFBC}") = "Z - Reservas y Entrevistas", "Prg\Re\Z - Reservas y Entrevistas.csproj", "{25DFD060-A71A-42CD-89BE-6566861B04CE}"
EndProject
Project("{FAE04EC0-301F-11D3-BF4B-00C04F79EFBC}") = "Z - Reportes", "Prg\Rp\Z - Reportes.csproj", "{20178918-8AF8-4F90-8297-B05954E9F18B}"
EndProject
Project("{FAE04EC0-301F-11D3-BF4B-00C04F79EFBC}") = "Z - Tablas Generales", "Prg\Tg\Z - Tablas Generales.csproj", "{289F5A64-7E24-40D1-877C-2EC485E34AB8}"
EndProject
Project("{FAE04EC0-301F-11D3-BF4B-00C04F79EFBC}") = "Bel", "Bel\Bel.csproj", "{B1CD76AC-D1A1-4D43-81C5-77627B0E83EE}"
EndProject
Global
	GlobalSection(SolutionConfigurationPlatforms) = preSolution
		Debug|Any CPU = Debug|Any CPU
		Debug|Mixed Platforms = Debug|Mixed Platforms
		Debug|x86 = Debug|x86
		Release|Any CPU = Release|Any CPU
		Release|Mixed Platforms = Release|Mixed Platforms
		Release|x86 = Release|x86
	EndGlobalSection
	GlobalSection(ProjectConfigurationPlatforms) = postSolution
		{2DB928E6-300C-4110-A8A1-6B153CE0389A}.Debug|Any CPU.ActiveCfg = Debug|Any CPU
		{2DB928E6-300C-4110-A8A1-6B153CE0389A}.Debug|Any CPU.Build.0 = Debug|Any CPU
		{2DB928E6-300C-4110-A8A1-6B153CE0389A}.Debug|Mixed Platforms.ActiveCfg = Debug|Any CPU
		{2DB928E6-300C-4110-A8A1-6B153CE0389A}.Debug|Mixed Platforms.Build.0 = Debug|Any CPU
		{2DB928E6-300C-4110-A8A1-6B153CE0389A}.Debug|x86.ActiveCfg = Debug|Any CPU
		{2DB928E6-300C-4110-A8A1-6B153CE0389A}.Release|Any CPU.ActiveCfg = Release|Any CPU
		{2DB928E6-300C-4110-A8A1-6B153CE0389A}.Release|Any CPU.Build.0 = Release|Any CPU
		{2DB928E6-300C-4110-A8A1-6B153CE0389A}.Release|Mixed Platforms.ActiveCfg = Release|Any CPU
		{2DB928E6-300C-4110-A8A1-6B153CE0389A}.Release|Mixed Platforms.Build.0 = Release|Any CPU
		{2DB928E6-300C-4110-A8A1-6B153CE0389A}.Release|x86.ActiveCfg = Release|Any CPU
		{ADB33A4B-53FB-4950-B11D-EAEC285D8DF8}.Debug|Any CPU.ActiveCfg = Debug|Any CPU
		{ADB33A4B-53FB-4950-B11D-EAEC285D8DF8}.Debug|Any CPU.Build.0 = Debug|Any CPU
		{ADB33A4B-53FB-4950-B11D-EAEC285D8DF8}.Debug|Mixed Platforms.ActiveCfg = Debug|Any CPU
		{ADB33A4B-53FB-4950-B11D-EAEC285D8DF8}.Debug|Mixed Platforms.Build.0 = Debug|Any CPU
		{ADB33A4B-53FB-4950-B11D-EAEC285D8DF8}.Debug|x86.ActiveCfg = Debug|Any CPU
		{ADB33A4B-53FB-4950-B11D-EAEC285D8DF8}.Release|Any CPU.ActiveCfg = Release|Any CPU
		{ADB33A4B-53FB-4950-B11D-EAEC285D8DF8}.Release|Any CPU.Build.0 = Release|Any CPU
		{ADB33A4B-53FB-4950-B11D-EAEC285D8DF8}.Release|Mixed Platforms.ActiveCfg = Release|Any CPU
		{ADB33A4B-53FB-4950-B11D-EAEC285D8DF8}.Release|Mixed Platforms.Build.0 = Release|Any CPU
		{ADB33A4B-53FB-4950-B11D-EAEC285D8DF8}.Release|x86.ActiveCfg = Release|Any CPU
		{722B9DD4-BAF2-4308-A5AA-1A83A8D0D052}.Debug|Any CPU.ActiveCfg = Debug|Any CPU
		{722B9DD4-BAF2-4308-A5AA-1A83A8D0D052}.Debug|Any CPU.Build.0 = Debug|Any CPU
		{722B9DD4-BAF2-4308-A5AA-1A83A8D0D052}.Debug|Mixed Platforms.ActiveCfg = Debug|Any CPU
		{722B9DD4-BAF2-4308-A5AA-1A83A8D0D052}.Debug|Mixed Platforms.Build.0 = Debug|Any CPU
		{722B9DD4-BAF2-4308-A5AA-1A83A8D0D052}.Debug|x86.ActiveCfg = Debug|Any CPU
		{722B9DD4-BAF2-4308-A5AA-1A83A8D0D052}.Release|Any CPU.ActiveCfg = Release|Any CPU
		{722B9DD4-BAF2-4308-A5AA-1A83A8D0D052}.Release|Any CPU.Build.0 = Release|Any CPU
		{722B9DD4-BAF2-4308-A5AA-1A83A8D0D052}.Release|Mixed Platforms.ActiveCfg = Release|Any CPU
		{722B9DD4-BAF2-4308-A5AA-1A83A8D0D052}.Release|Mixed Platforms.Build.0 = Release|Any CPU
		{722B9DD4-BAF2-4308-A5AA-1A83A8D0D052}.Release|x86.ActiveCfg = Release|Any CPU
		{25DFD060-A71A-42CD-89BE-6566861B04CE}.Debug|Any CPU.ActiveCfg = Debug|x86
		{25DFD060-A71A-42CD-89BE-6566861B04CE}.Debug|Any CPU.Build.0 = Debug|x86
		{25DFD060-A71A-42CD-89BE-6566861B04CE}.Debug|Mixed Platforms.ActiveCfg = Debug|x86
		{25DFD060-A71A-42CD-89BE-6566861B04CE}.Debug|Mixed Platforms.Build.0 = Debug|x86
		{25DFD060-A71A-42CD-89BE-6566861B04CE}.Debug|x86.ActiveCfg = Debug|x86
		{25DFD060-A71A-42CD-89BE-6566861B04CE}.Debug|x86.Build.0 = Debug|x86
		{25DFD060-A71A-42CD-89BE-6566861B04CE}.Release|Any CPU.ActiveCfg = Release|x86
		{25DFD060-A71A-42CD-89BE-6566861B04CE}.Release|Mixed Platforms.ActiveCfg = Release|x86
		{25DFD060-A71A-42CD-89BE-6566861B04CE}.Release|Mixed Platforms.Build.0 = Release|x86
		{25DFD060-A71A-42CD-89BE-6566861B04CE}.Release|x86.ActiveCfg = Release|x86
		{25DFD060-A71A-42CD-89BE-6566861B04CE}.Release|x86.Build.0 = Release|x86
		{20178918-8AF8-4F90-8297-B05954E9F18B}.Debug|Any CPU.ActiveCfg = Debug|x86
		{20178918-8AF8-4F90-8297-B05954E9F18B}.Debug|Any CPU.Build.0 = Debug|x86
		{20178918-8AF8-4F90-8297-B05954E9F18B}.Debug|Mixed Platforms.ActiveCfg = Debug|x86
		{20178918-8AF8-4F90-8297-B05954E9F18B}.Debug|Mixed Platforms.Build.0 = Debug|x86
		{20178918-8AF8-4F90-8297-B05954E9F18B}.Debug|x86.ActiveCfg = Debug|x86
		{20178918-8AF8-4F90-8297-B05954E9F18B}.Debug|x86.Build.0 = Debug|x86
		{20178918-8AF8-4F90-8297-B05954E9F18B}.Release|Any CPU.ActiveCfg = Release|x86
		{20178918-8AF8-4F90-8297-B05954E9F18B}.Release|Mixed Platforms.ActiveCfg = Release|x86
		{20178918-8AF8-4F90-8297-B05954E9F18B}.Release|Mixed Platforms.Build.0 = Release|x86
		{20178918-8AF8-4F90-8297-B05954E9F18B}.Release|x86.ActiveCfg = Release|x86
		{20178918-8AF8-4F90-8297-B05954E9F18B}.Release|x86.Build.0 = Release|x86
		{289F5A64-7E24-40D1-877C-2EC485E34AB8}.Debug|Any CPU.ActiveCfg = Debug|x86
		{289F5A64-7E24-40D1-877C-2EC485E34AB8}.Debug|Any CPU.Build.0 = Debug|x86
		{289F5A64-7E24-40D1-877C-2EC485E34AB8}.Debug|Mixed Platforms.ActiveCfg = Debug|x86
		{289F5A64-7E24-40D1-877C-2EC485E34AB8}.Debug|Mixed Platforms.Build.0 = Debug|x86
		{289F5A64-7E24-40D1-877C-2EC485E34AB8}.Debug|x86.ActiveCfg = Debug|x86
		{289F5A64-7E24-40D1-877C-2EC485E34AB8}.Debug|x86.Build.0 = Debug|x86
		{289F5A64-7E24-40D1-877C-2EC485E34AB8}.Release|Any CPU.ActiveCfg = Release|x86
		{289F5A64-7E24-40D1-877C-2EC485E34AB8}.Release|Mixed Platforms.ActiveCfg = Release|x86
		{289F5A64-7E24-40D1-877C-2EC485E34AB8}.Release|Mixed Platforms.Build.0 = Release|x86
		{289F5A64-7E24-40D1-877C-2EC485E34AB8}.Release|x86.ActiveCfg = Release|x86
		{289F5A64-7E24-40D1-877C-2EC485E34AB8}.Release|x86.Build.0 = Release|x86
		{B1CD76AC-D1A1-4D43-81C5-77627B0E83EE}.Debug|Any CPU.ActiveCfg = Debug|Any CPU
		{B1CD76AC-D1A1-4D43-81C5-77627B0E83EE}.Debug|Any CPU.Build.0 = Debug|Any CPU
		{B1CD76AC-D1A1-4D43-81C5-77627B0E83EE}.Debug|Mixed Platforms.ActiveCfg = Debug|Any CPU
		{B1CD76AC-D1A1-4D43-81C5-77627B0E83EE}.Debug|Mixed Platforms.Build.0 = Debug|Any CPU
		{B1CD76AC-D1A1-4D43-81C5-77627B0E83EE}.Debug|x86.ActiveCfg = Debug|Any CPU
		{B1CD76AC-D1A1-4D43-81C5-77627B0E83EE}.Release|Any CPU.ActiveCfg = Release|Any CPU
		{B1CD76AC-D1A1-4D43-81C5-77627B0E83EE}.Release|Any CPU.Build.0 = Release|Any CPU
		{B1CD76AC-D1A1-4D43-81C5-77627B0E83EE}.Release|Mixed Platforms.ActiveCfg = Release|Any CPU
		{B1CD76AC-D1A1-4D43-81C5-77627B0E83EE}.Release|Mixed Platforms.Build.0 = Release|Any CPU
		{B1CD76AC-D1A1-4D43-81C5-77627B0E83EE}.Release|x86.ActiveCfg = Release|Any CPU
	EndGlobalSection
	GlobalSection(SolutionProperties) = preSolution
		HideSolutionNode = FALSE
	EndGlobalSection
	GlobalSection(ExtensibilityGlobals) = postSolution
		SolutionGuid = {3CD672D4-48F8-44AA-B432-CC74983C739B}
	EndGlobalSection
EndGlobal
